// !$*UTF8*$!
{
	archiveVersion = 1;
	classes = {
	};
	objectVersion = 50;
	objects = {

/* Begin PBXBuildFile section */
		0814AC2923C941F8007EC73A /* NetworkManager.swift in Sources */ = {isa = PBXBuildFile; fileRef = 0814AC2823C941F8007EC73A /* NetworkManager.swift */; };
		08461C5223C93A3000DD6024 /* Follower.swift in Sources */ = {isa = PBXBuildFile; fileRef = 08461C5123C93A3000DD6024 /* Follower.swift */; };
		08461C5423C93C1600DD6024 /* User.swift in Sources */ = {isa = PBXBuildFile; fileRef = 08461C5323C93C1600DD6024 /* User.swift */; };
		085A8DF123C6E8E100DED007 /* FollowerListVC.swift in Sources */ = {isa = PBXBuildFile; fileRef = 085A8DF023C6E8E100DED007 /* FollowerListVC.swift */; };
		085A8E1423C84B9800DED007 /* String+Ext.swift in Sources */ = {isa = PBXBuildFile; fileRef = 085A8E1323C84B9800DED007 /* String+Ext.swift */; };
		085A8E1623C84F5F00DED007 /* GFTitleLabel.swift in Sources */ = {isa = PBXBuildFile; fileRef = 085A8E1523C84F5F00DED007 /* GFTitleLabel.swift */; };
		085A8E1823C853C400DED007 /* GFBodyLabel.swift in Sources */ = {isa = PBXBuildFile; fileRef = 085A8E1723C853C400DED007 /* GFBodyLabel.swift */; };
		085A8E1A23C85BEB00DED007 /* GFAlertVC.swift in Sources */ = {isa = PBXBuildFile; fileRef = 085A8E1923C85BEB00DED007 /* GFAlertVC.swift */; };
		085A8E2E23C9082300DED007 /* UIViewController+Ext.swift in Sources */ = {isa = PBXBuildFile; fileRef = 085A8E2D23C9082300DED007 /* UIViewController+Ext.swift */; };
		087E358823CC49980078CF70 /* GFError.swift in Sources */ = {isa = PBXBuildFile; fileRef = 087E358723CC49980078CF70 /* GFError.swift */; };
		0884C4FC23C592F300A8096C /* SearchVC.swift in Sources */ = {isa = PBXBuildFile; fileRef = 0884C4FB23C592F300A8096C /* SearchVC.swift */; };
		0884C4FE23C597B200A8096C /* FavoritesListVC.swift in Sources */ = {isa = PBXBuildFile; fileRef = 0884C4FD23C597B200A8096C /* FavoritesListVC.swift */; };
		0884C50023C5AF3800A8096C /* GFButton.swift in Sources */ = {isa = PBXBuildFile; fileRef = 0884C4FF23C5AF3800A8096C /* GFButton.swift */; };
		0884C50223C5B44F00A8096C /* GFTextField.swift in Sources */ = {isa = PBXBuildFile; fileRef = 0884C50123C5B44F00A8096C /* GFTextField.swift */; };
		0885D09223D187BD00E36601 /* UIHelper.swift in Sources */ = {isa = PBXBuildFile; fileRef = 0885D09123D187BD00E36601 /* UIHelper.swift */; };
		08A7C8CF23C44CB900409FDE /* AppDelegate.swift in Sources */ = {isa = PBXBuildFile; fileRef = 08A7C8CE23C44CB900409FDE /* AppDelegate.swift */; };
		08A7C8D123C44CB900409FDE /* SceneDelegate.swift in Sources */ = {isa = PBXBuildFile; fileRef = 08A7C8D023C44CB900409FDE /* SceneDelegate.swift */; };
		08A7C8D823C44CBA00409FDE /* Assets.xcassets in Resources */ = {isa = PBXBuildFile; fileRef = 08A7C8D723C44CBA00409FDE /* Assets.xcassets */; };
		08A7C8DB23C44CBA00409FDE /* LaunchScreen.storyboard in Resources */ = {isa = PBXBuildFile; fileRef = 08A7C8D923C44CBA00409FDE /* LaunchScreen.storyboard */; };
		08A7C8E623C44CBB00409FDE /* GithubFollowersTests.swift in Sources */ = {isa = PBXBuildFile; fileRef = 08A7C8E523C44CBB00409FDE /* GithubFollowersTests.swift */; };
		08A7C8F123C44CBB00409FDE /* GithubFollowersUITests.swift in Sources */ = {isa = PBXBuildFile; fileRef = 08A7C8F023C44CBB00409FDE /* GithubFollowersUITests.swift */; };
		08D0C4F723CD968900B6692E /* FollowerCell.swift in Sources */ = {isa = PBXBuildFile; fileRef = 08D0C4F623CD968900B6692E /* FollowerCell.swift */; };
		08D0C4F923CD97BF00B6692E /* GFAvatarImageView.swift in Sources */ = {isa = PBXBuildFile; fileRef = 08D0C4F823CD97BF00B6692E /* GFAvatarImageView.swift */; };
		08F42E1923D7BB2A0041D96F /* GFEmptyStateView.swift in Sources */ = {isa = PBXBuildFile; fileRef = 08F42E1823D7BB2A0041D96F /* GFEmptyStateView.swift */; };
		08FF3CB423D96E1A00A3A9B4 /* UserInfoVC.swift in Sources */ = {isa = PBXBuildFile; fileRef = 08FF3CB323D96E1A00A3A9B4 /* UserInfoVC.swift */; };
/* End PBXBuildFile section */

/* Begin PBXContainerItemProxy section */
		08A7C8E223C44CBB00409FDE /* PBXContainerItemProxy */ = {
			isa = PBXContainerItemProxy;
			containerPortal = 08A7C8C323C44CB900409FDE /* Project object */;
			proxyType = 1;
			remoteGlobalIDString = 08A7C8CA23C44CB900409FDE;
			remoteInfo = GithubFollowers;
		};
		08A7C8ED23C44CBB00409FDE /* PBXContainerItemProxy */ = {
			isa = PBXContainerItemProxy;
			containerPortal = 08A7C8C323C44CB900409FDE /* Project object */;
			proxyType = 1;
			remoteGlobalIDString = 08A7C8CA23C44CB900409FDE;
			remoteInfo = GithubFollowers;
		};
/* End PBXContainerItemProxy section */

/* Begin PBXFileReference section */
		0814AC2823C941F8007EC73A /* NetworkManager.swift */ = {isa = PBXFileReference; lastKnownFileType = sourcecode.swift; path = NetworkManager.swift; sourceTree = "<group>"; };
		08461C5123C93A3000DD6024 /* Follower.swift */ = {isa = PBXFileReference; lastKnownFileType = sourcecode.swift; path = Follower.swift; sourceTree = "<group>"; };
		08461C5323C93C1600DD6024 /* User.swift */ = {isa = PBXFileReference; lastKnownFileType = sourcecode.swift; path = User.swift; sourceTree = "<group>"; };
		085A8DF023C6E8E100DED007 /* FollowerListVC.swift */ = {isa = PBXFileReference; lastKnownFileType = sourcecode.swift; path = FollowerListVC.swift; sourceTree = "<group>"; };
		085A8E1323C84B9800DED007 /* String+Ext.swift */ = {isa = PBXFileReference; fileEncoding = 4; lastKnownFileType = sourcecode.swift; path = "String+Ext.swift"; sourceTree = "<group>"; };
		085A8E1523C84F5F00DED007 /* GFTitleLabel.swift */ = {isa = PBXFileReference; lastKnownFileType = sourcecode.swift; path = GFTitleLabel.swift; sourceTree = "<group>"; };
		085A8E1723C853C400DED007 /* GFBodyLabel.swift */ = {isa = PBXFileReference; lastKnownFileType = sourcecode.swift; path = GFBodyLabel.swift; sourceTree = "<group>"; };
		085A8E1923C85BEB00DED007 /* GFAlertVC.swift */ = {isa = PBXFileReference; lastKnownFileType = sourcecode.swift; path = GFAlertVC.swift; sourceTree = "<group>"; };
		085A8E2D23C9082300DED007 /* UIViewController+Ext.swift */ = {isa = PBXFileReference; lastKnownFileType = sourcecode.swift; path = "UIViewController+Ext.swift"; sourceTree = "<group>"; };
		087E358723CC49980078CF70 /* GFError.swift */ = {isa = PBXFileReference; lastKnownFileType = sourcecode.swift; path = GFError.swift; sourceTree = "<group>"; };
		0884C4FB23C592F300A8096C /* SearchVC.swift */ = {isa = PBXFileReference; lastKnownFileType = sourcecode.swift; path = SearchVC.swift; sourceTree = "<group>"; };
		0884C4FD23C597B200A8096C /* FavoritesListVC.swift */ = {isa = PBXFileReference; lastKnownFileType = sourcecode.swift; path = FavoritesListVC.swift; sourceTree = "<group>"; };
		0884C4FF23C5AF3800A8096C /* GFButton.swift */ = {isa = PBXFileReference; lastKnownFileType = sourcecode.swift; path = GFButton.swift; sourceTree = "<group>"; };
		0884C50123C5B44F00A8096C /* GFTextField.swift */ = {isa = PBXFileReference; lastKnownFileType = sourcecode.swift; path = GFTextField.swift; sourceTree = "<group>"; };
		0885D09123D187BD00E36601 /* UIHelper.swift */ = {isa = PBXFileReference; lastKnownFileType = sourcecode.swift; path = UIHelper.swift; sourceTree = "<group>"; };
		08A7C8CB23C44CB900409FDE /* GithubFollowers.app */ = {isa = PBXFileReference; explicitFileType = wrapper.application; includeInIndex = 0; path = GithubFollowers.app; sourceTree = BUILT_PRODUCTS_DIR; };
		08A7C8CE23C44CB900409FDE /* AppDelegate.swift */ = {isa = PBXFileReference; lastKnownFileType = sourcecode.swift; path = AppDelegate.swift; sourceTree = "<group>"; };
		08A7C8D023C44CB900409FDE /* SceneDelegate.swift */ = {isa = PBXFileReference; lastKnownFileType = sourcecode.swift; path = SceneDelegate.swift; sourceTree = "<group>"; };
		08A7C8D723C44CBA00409FDE /* Assets.xcassets */ = {isa = PBXFileReference; lastKnownFileType = folder.assetcatalog; path = Assets.xcassets; sourceTree = "<group>"; };
		08A7C8DA23C44CBA00409FDE /* Base */ = {isa = PBXFileReference; lastKnownFileType = file.storyboard; name = Base; path = Base.lproj/LaunchScreen.storyboard; sourceTree = "<group>"; };
		08A7C8DC23C44CBA00409FDE /* Info.plist */ = {isa = PBXFileReference; lastKnownFileType = text.plist.xml; path = Info.plist; sourceTree = "<group>"; };
		08A7C8E123C44CBB00409FDE /* GithubFollowersTests.xctest */ = {isa = PBXFileReference; explicitFileType = wrapper.cfbundle; includeInIndex = 0; path = GithubFollowersTests.xctest; sourceTree = BUILT_PRODUCTS_DIR; };
		08A7C8E523C44CBB00409FDE /* GithubFollowersTests.swift */ = {isa = PBXFileReference; lastKnownFileType = sourcecode.swift; path = GithubFollowersTests.swift; sourceTree = "<group>"; };
		08A7C8E723C44CBB00409FDE /* Info.plist */ = {isa = PBXFileReference; lastKnownFileType = text.plist.xml; path = Info.plist; sourceTree = "<group>"; };
		08A7C8EC23C44CBB00409FDE /* GithubFollowersUITests.xctest */ = {isa = PBXFileReference; explicitFileType = wrapper.cfbundle; includeInIndex = 0; path = GithubFollowersUITests.xctest; sourceTree = BUILT_PRODUCTS_DIR; };
		08A7C8F023C44CBB00409FDE /* GithubFollowersUITests.swift */ = {isa = PBXFileReference; lastKnownFileType = sourcecode.swift; path = GithubFollowersUITests.swift; sourceTree = "<group>"; };
		08A7C8F223C44CBB00409FDE /* Info.plist */ = {isa = PBXFileReference; lastKnownFileType = text.plist.xml; path = Info.plist; sourceTree = "<group>"; };
		08D0C4F623CD968900B6692E /* FollowerCell.swift */ = {isa = PBXFileReference; lastKnownFileType = sourcecode.swift; path = FollowerCell.swift; sourceTree = "<group>"; };
		08D0C4F823CD97BF00B6692E /* GFAvatarImageView.swift */ = {isa = PBXFileReference; lastKnownFileType = sourcecode.swift; path = GFAvatarImageView.swift; sourceTree = "<group>"; };
		08F42E1823D7BB2A0041D96F /* GFEmptyStateView.swift */ = {isa = PBXFileReference; lastKnownFileType = sourcecode.swift; path = GFEmptyStateView.swift; sourceTree = "<group>"; };
		08FF3CB323D96E1A00A3A9B4 /* UserInfoVC.swift */ = {isa = PBXFileReference; lastKnownFileType = sourcecode.swift; path = UserInfoVC.swift; sourceTree = "<group>"; };
/* End PBXFileReference section */

/* Begin PBXFrameworksBuildPhase section */
		08A7C8C823C44CB900409FDE /* Frameworks */ = {
			isa = PBXFrameworksBuildPhase;
			buildActionMask = 2147483647;
			files = (
			);
			runOnlyForDeploymentPostprocessing = 0;
		};
		08A7C8DE23C44CBB00409FDE /* Frameworks */ = {
			isa = PBXFrameworksBuildPhase;
			buildActionMask = 2147483647;
			files = (
			);
			runOnlyForDeploymentPostprocessing = 0;
		};
		08A7C8E923C44CBB00409FDE /* Frameworks */ = {
			isa = PBXFrameworksBuildPhase;
			buildActionMask = 2147483647;
			files = (
			);
			runOnlyForDeploymentPostprocessing = 0;
		};
/* End PBXFrameworksBuildPhase section */

/* Begin PBXGroup section */
		0814AC2723C941E1007EC73A /* Managers */ = {
			isa = PBXGroup;
			children = (
				0814AC2823C941F8007EC73A /* NetworkManager.swift */,
			);
			path = Managers;
			sourceTree = "<group>";
		};
		08461C4C23C92E4B00DD6024 /* Screens */ = {
			isa = PBXGroup;
			children = (
				0884C4FD23C597B200A8096C /* FavoritesListVC.swift */,
				0884C4FB23C592F300A8096C /* SearchVC.swift */,
				085A8DF023C6E8E100DED007 /* FollowerListVC.swift */,
				08FF3CB323D96E1A00A3A9B4 /* UserInfoVC.swift */,
			);
			path = Screens;
			sourceTree = "<group>";
		};
		08461C4D23C92E8700DD6024 /* CustomViews */ = {
			isa = PBXGroup;
			children = (
				08F42E1723D7BABD0041D96F /* Labels */,
				08F42E1623D7BA980041D96F /* ViewControllers */,
				08F42E1523D7BA910041D96F /* ImageViews */,
				08F42E1423D7BA7B0041D96F /* TextFields */,
				08F42E1223D7BA660041D96F /* Buttons */,
				08F42E1123D7BA610041D96F /* Views */,
				08D0C4F523CD966E00B6692E /* Cells */,
			);
			path = CustomViews;
			sourceTree = "<group>";
		};
		08461C4E23C92EB800DD6024 /* Extensions */ = {
			isa = PBXGroup;
			children = (
				085A8E2D23C9082300DED007 /* UIViewController+Ext.swift */,
				085A8E1323C84B9800DED007 /* String+Ext.swift */,
			);
			path = Extensions;
			sourceTree = "<group>";
		};
		08461C4F23C92F1D00DD6024 /* Support */ = {
			isa = PBXGroup;
			children = (
				08A7C8DC23C44CBA00409FDE /* Info.plist */,
				08A7C8D723C44CBA00409FDE /* Assets.xcassets */,
				08A7C8D923C44CBA00409FDE /* LaunchScreen.storyboard */,
				08A7C8CE23C44CB900409FDE /* AppDelegate.swift */,
				08A7C8D023C44CB900409FDE /* SceneDelegate.swift */,
			);
			path = Support;
			sourceTree = "<group>";
		};
		08461C5023C93A2000DD6024 /* Model */ = {
			isa = PBXGroup;
			children = (
				08461C5123C93A3000DD6024 /* Follower.swift */,
				08461C5323C93C1600DD6024 /* User.swift */,
			);
			path = Model;
			sourceTree = "<group>";
		};
		087E358623CC49850078CF70 /* Utilities */ = {
			isa = PBXGroup;
			children = (
				087E358723CC49980078CF70 /* GFError.swift */,
				0885D09123D187BD00E36601 /* UIHelper.swift */,
			);
			path = Utilities;
			sourceTree = "<group>";
		};
		08A7C8C223C44CB900409FDE = {
			isa = PBXGroup;
			children = (
				08A7C8CD23C44CB900409FDE /* GithubFollowers */,
				08A7C8E423C44CBB00409FDE /* GithubFollowersTests */,
				08A7C8EF23C44CBB00409FDE /* GithubFollowersUITests */,
				08A7C8CC23C44CB900409FDE /* Products */,
			);
			sourceTree = "<group>";
		};
		08A7C8CC23C44CB900409FDE /* Products */ = {
			isa = PBXGroup;
			children = (
				08A7C8CB23C44CB900409FDE /* GithubFollowers.app */,
				08A7C8E123C44CBB00409FDE /* GithubFollowersTests.xctest */,
				08A7C8EC23C44CBB00409FDE /* GithubFollowersUITests.xctest */,
			);
			name = Products;
			sourceTree = "<group>";
		};
		08A7C8CD23C44CB900409FDE /* GithubFollowers */ = {
			isa = PBXGroup;
			children = (
				087E358623CC49850078CF70 /* Utilities */,
				0814AC2723C941E1007EC73A /* Managers */,
				08461C5023C93A2000DD6024 /* Model */,
				08461C4F23C92F1D00DD6024 /* Support */,
				08461C4D23C92E8700DD6024 /* CustomViews */,
				08461C4C23C92E4B00DD6024 /* Screens */,
				08461C4E23C92EB800DD6024 /* Extensions */,
			);
			path = GithubFollowers;
			sourceTree = "<group>";
		};
		08A7C8E423C44CBB00409FDE /* GithubFollowersTests */ = {
			isa = PBXGroup;
			children = (
				08A7C8E523C44CBB00409FDE /* GithubFollowersTests.swift */,
				08A7C8E723C44CBB00409FDE /* Info.plist */,
			);
			path = GithubFollowersTests;
			sourceTree = "<group>";
		};
		08A7C8EF23C44CBB00409FDE /* GithubFollowersUITests */ = {
			isa = PBXGroup;
			children = (
				08A7C8F023C44CBB00409FDE /* GithubFollowersUITests.swift */,
				08A7C8F223C44CBB00409FDE /* Info.plist */,
			);
			path = GithubFollowersUITests;
			sourceTree = "<group>";
		};
		08D0C4F523CD966E00B6692E /* Cells */ = {
			isa = PBXGroup;
			children = (
				08D0C4F623CD968900B6692E /* FollowerCell.swift */,
			);
			path = Cells;
			sourceTree = "<group>";
		};
		08F42E1123D7BA610041D96F /* Views */ = {
			isa = PBXGroup;
			children = (
				08F42E1823D7BB2A0041D96F /* GFEmptyStateView.swift */,
			);
			path = Views;
			sourceTree = "<group>";
		};
		08F42E1223D7BA660041D96F /* Buttons */ = {
			isa = PBXGroup;
			children = (
				0884C4FF23C5AF3800A8096C /* GFButton.swift */,
			);
			path = Buttons;
			sourceTree = "<group>";
		};
		08F42E1423D7BA7B0041D96F /* TextFields */ = {
			isa = PBXGroup;
			children = (
				0884C50123C5B44F00A8096C /* GFTextField.swift */,
			);
			path = TextFields;
			sourceTree = "<group>";
		};
		08F42E1523D7BA910041D96F /* ImageViews */ = {
			isa = PBXGroup;
			children = (
				08D0C4F823CD97BF00B6692E /* GFAvatarImageView.swift */,
			);
			path = ImageViews;
			sourceTree = "<group>";
		};
		08F42E1623D7BA980041D96F /* ViewControllers */ = {
			isa = PBXGroup;
			children = (
				085A8E1923C85BEB00DED007 /* GFAlertVC.swift */,
			);
			path = ViewControllers;
			sourceTree = "<group>";
		};
		08F42E1723D7BABD0041D96F /* Labels */ = {
			isa = PBXGroup;
			children = (
				085A8E1723C853C400DED007 /* GFBodyLabel.swift */,
				085A8E1523C84F5F00DED007 /* GFTitleLabel.swift */,
			);
			path = Labels;
			sourceTree = "<group>";
		};
/* End PBXGroup section */

/* Begin PBXNativeTarget section */
		08A7C8CA23C44CB900409FDE /* GithubFollowers */ = {
			isa = PBXNativeTarget;
			buildConfigurationList = 08A7C8F523C44CBB00409FDE /* Build configuration list for PBXNativeTarget "GithubFollowers" */;
			buildPhases = (
				08A7C8C723C44CB900409FDE /* Sources */,
				08A7C8C823C44CB900409FDE /* Frameworks */,
				08A7C8C923C44CB900409FDE /* Resources */,
			);
			buildRules = (
			);
			dependencies = (
			);
			name = GithubFollowers;
			productName = GithubFollowers;
			productReference = 08A7C8CB23C44CB900409FDE /* GithubFollowers.app */;
			productType = "com.apple.product-type.application";
		};
		08A7C8E023C44CBB00409FDE /* GithubFollowersTests */ = {
			isa = PBXNativeTarget;
			buildConfigurationList = 08A7C8F823C44CBB00409FDE /* Build configuration list for PBXNativeTarget "GithubFollowersTests" */;
			buildPhases = (
				08A7C8DD23C44CBB00409FDE /* Sources */,
				08A7C8DE23C44CBB00409FDE /* Frameworks */,
				08A7C8DF23C44CBB00409FDE /* Resources */,
			);
			buildRules = (
			);
			dependencies = (
				08A7C8E323C44CBB00409FDE /* PBXTargetDependency */,
			);
			name = GithubFollowersTests;
			productName = GithubFollowersTests;
			productReference = 08A7C8E123C44CBB00409FDE /* GithubFollowersTests.xctest */;
			productType = "com.apple.product-type.bundle.unit-test";
		};
		08A7C8EB23C44CBB00409FDE /* GithubFollowersUITests */ = {
			isa = PBXNativeTarget;
			buildConfigurationList = 08A7C8FB23C44CBB00409FDE /* Build configuration list for PBXNativeTarget "GithubFollowersUITests" */;
			buildPhases = (
				08A7C8E823C44CBB00409FDE /* Sources */,
				08A7C8E923C44CBB00409FDE /* Frameworks */,
				08A7C8EA23C44CBB00409FDE /* Resources */,
			);
			buildRules = (
			);
			dependencies = (
				08A7C8EE23C44CBB00409FDE /* PBXTargetDependency */,
			);
			name = GithubFollowersUITests;
			productName = GithubFollowersUITests;
			productReference = 08A7C8EC23C44CBB00409FDE /* GithubFollowersUITests.xctest */;
			productType = "com.apple.product-type.bundle.ui-testing";
		};
/* End PBXNativeTarget section */

/* Begin PBXProject section */
		08A7C8C323C44CB900409FDE /* Project object */ = {
			isa = PBXProject;
			attributes = {
				LastSwiftUpdateCheck = 1130;
				LastUpgradeCheck = 1130;
				ORGANIZATIONNAME = Cognoa;
				TargetAttributes = {
					08A7C8CA23C44CB900409FDE = {
						CreatedOnToolsVersion = 11.3;
					};
					08A7C8E023C44CBB00409FDE = {
						CreatedOnToolsVersion = 11.3;
						TestTargetID = 08A7C8CA23C44CB900409FDE;
					};
					08A7C8EB23C44CBB00409FDE = {
						CreatedOnToolsVersion = 11.3;
						TestTargetID = 08A7C8CA23C44CB900409FDE;
					};
				};
			};
			buildConfigurationList = 08A7C8C623C44CB900409FDE /* Build configuration list for PBXProject "GithubFollowers" */;
			compatibilityVersion = "Xcode 9.3";
			developmentRegion = en;
			hasScannedForEncodings = 0;
			knownRegions = (
				en,
				Base,
			);
			mainGroup = 08A7C8C223C44CB900409FDE;
			productRefGroup = 08A7C8CC23C44CB900409FDE /* Products */;
			projectDirPath = "";
			projectRoot = "";
			targets = (
				08A7C8CA23C44CB900409FDE /* GithubFollowers */,
				08A7C8E023C44CBB00409FDE /* GithubFollowersTests */,
				08A7C8EB23C44CBB00409FDE /* GithubFollowersUITests */,
			);
		};
/* End PBXProject section */

/* Begin PBXResourcesBuildPhase section */
		08A7C8C923C44CB900409FDE /* Resources */ = {
			isa = PBXResourcesBuildPhase;
			buildActionMask = 2147483647;
			files = (
				08A7C8DB23C44CBA00409FDE /* LaunchScreen.storyboard in Resources */,
				08A7C8D823C44CBA00409FDE /* Assets.xcassets in Resources */,
			);
			runOnlyForDeploymentPostprocessing = 0;
		};
		08A7C8DF23C44CBB00409FDE /* Resources */ = {
			isa = PBXResourcesBuildPhase;
			buildActionMask = 2147483647;
			files = (
			);
			runOnlyForDeploymentPostprocessing = 0;
		};
		08A7C8EA23C44CBB00409FDE /* Resources */ = {
			isa = PBXResourcesBuildPhase;
			buildActionMask = 2147483647;
			files = (
			);
			runOnlyForDeploymentPostprocessing = 0;
		};
/* End PBXResourcesBuildPhase section */

/* Begin PBXSourcesBuildPhase section */
		08A7C8C723C44CB900409FDE /* Sources */ = {
			isa = PBXSourcesBuildPhase;
			buildActionMask = 2147483647;
			files = (
				0884C50223C5B44F00A8096C /* GFTextField.swift in Sources */,
				0884C4FE23C597B200A8096C /* FavoritesListVC.swift in Sources */,
				085A8E2E23C9082300DED007 /* UIViewController+Ext.swift in Sources */,
				0884C50023C5AF3800A8096C /* GFButton.swift in Sources */,
				0884C4FC23C592F300A8096C /* SearchVC.swift in Sources */,
				08F42E1923D7BB2A0041D96F /* GFEmptyStateView.swift in Sources */,
				085A8DF123C6E8E100DED007 /* FollowerListVC.swift in Sources */,
				08461C5423C93C1600DD6024 /* User.swift in Sources */,
				08D0C4F723CD968900B6692E /* FollowerCell.swift in Sources */,
				08D0C4F923CD97BF00B6692E /* GFAvatarImageView.swift in Sources */,
				085A8E1A23C85BEB00DED007 /* GFAlertVC.swift in Sources */,
				08FF3CB423D96E1A00A3A9B4 /* UserInfoVC.swift in Sources */,
				08461C5223C93A3000DD6024 /* Follower.swift in Sources */,
				08A7C8CF23C44CB900409FDE /* AppDelegate.swift in Sources */,
				085A8E1623C84F5F00DED007 /* GFTitleLabel.swift in Sources */,
				085A8E1423C84B9800DED007 /* String+Ext.swift in Sources */,
				087E358823CC49980078CF70 /* GFError.swift in Sources */,
				0885D09223D187BD00E36601 /* UIHelper.swift in Sources */,
				0814AC2923C941F8007EC73A /* NetworkManager.swift in Sources */,
				08A7C8D123C44CB900409FDE /* SceneDelegate.swift in Sources */,
				085A8E1823C853C400DED007 /* GFBodyLabel.swift in Sources */,
			);
			runOnlyForDeploymentPostprocessing = 0;
		};
		08A7C8DD23C44CBB00409FDE /* Sources */ = {
			isa = PBXSourcesBuildPhase;
			buildActionMask = 2147483647;
			files = (
				08A7C8E623C44CBB00409FDE /* GithubFollowersTests.swift in Sources */,
			);
			runOnlyForDeploymentPostprocessing = 0;
		};
		08A7C8E823C44CBB00409FDE /* Sources */ = {
			isa = PBXSourcesBuildPhase;
			buildActionMask = 2147483647;
			files = (
				08A7C8F123C44CBB00409FDE /* GithubFollowersUITests.swift in Sources */,
			);
			runOnlyForDeploymentPostprocessing = 0;
		};
/* End PBXSourcesBuildPhase section */

/* Begin PBXTargetDependency section */
		08A7C8E323C44CBB00409FDE /* PBXTargetDependency */ = {
			isa = PBXTargetDependency;
			target = 08A7C8CA23C44CB900409FDE /* GithubFollowers */;
			targetProxy = 08A7C8E223C44CBB00409FDE /* PBXContainerItemProxy */;
		};
		08A7C8EE23C44CBB00409FDE /* PBXTargetDependency */ = {
			isa = PBXTargetDependency;
			target = 08A7C8CA23C44CB900409FDE /* GithubFollowers */;
			targetProxy = 08A7C8ED23C44CBB00409FDE /* PBXContainerItemProxy */;
		};
/* End PBXTargetDependency section */

/* Begin PBXVariantGroup section */
		08A7C8D923C44CBA00409FDE /* LaunchScreen.storyboard */ = {
			isa = PBXVariantGroup;
			children = (
				08A7C8DA23C44CBA00409FDE /* Base */,
			);
			name = LaunchScreen.storyboard;
			sourceTree = "<group>";
		};
/* End PBXVariantGroup section */

/* Begin XCBuildConfiguration section */
		08A7C8F323C44CBB00409FDE /* Debug */ = {
			isa = XCBuildConfiguration;
			buildSettings = {
				ALWAYS_SEARCH_USER_PATHS = NO;
				CLANG_ANALYZER_NONNULL = YES;
				CLANG_ANALYZER_NUMBER_OBJECT_CONVERSION = YES_AGGRESSIVE;
				CLANG_CXX_LANGUAGE_STANDARD = "gnu++14";
				CLANG_CXX_LIBRARY = "libc++";
				CLANG_ENABLE_MODULES = YES;
				CLANG_ENABLE_OBJC_ARC = YES;
				CLANG_ENABLE_OBJC_WEAK = YES;
				CLANG_WARN_BLOCK_CAPTURE_AUTORELEASING = YES;
				CLANG_WARN_BOOL_CONVERSION = YES;
				CLANG_WARN_COMMA = YES;
				CLANG_WARN_CONSTANT_CONVERSION = YES;
				CLANG_WARN_DEPRECATED_OBJC_IMPLEMENTATIONS = YES;
				CLANG_WARN_DIRECT_OBJC_ISA_USAGE = YES_ERROR;
				CLANG_WARN_DOCUMENTATION_COMMENTS = YES;
				CLANG_WARN_EMPTY_BODY = YES;
				CLANG_WARN_ENUM_CONVERSION = YES;
				CLANG_WARN_INFINITE_RECURSION = YES;
				CLANG_WARN_INT_CONVERSION = YES;
				CLANG_WARN_NON_LITERAL_NULL_CONVERSION = YES;
				CLANG_WARN_OBJC_IMPLICIT_RETAIN_SELF = YES;
				CLANG_WARN_OBJC_LITERAL_CONVERSION = YES;
				CLANG_WARN_OBJC_ROOT_CLASS = YES_ERROR;
				CLANG_WARN_RANGE_LOOP_ANALYSIS = YES;
				CLANG_WARN_STRICT_PROTOTYPES = YES;
				CLANG_WARN_SUSPICIOUS_MOVE = YES;
				CLANG_WARN_UNGUARDED_AVAILABILITY = YES_AGGRESSIVE;
				CLANG_WARN_UNREACHABLE_CODE = YES;
				CLANG_WARN__DUPLICATE_METHOD_MATCH = YES;
				COPY_PHASE_STRIP = NO;
				DEBUG_INFORMATION_FORMAT = dwarf;
				ENABLE_STRICT_OBJC_MSGSEND = YES;
				ENABLE_TESTABILITY = YES;
				GCC_C_LANGUAGE_STANDARD = gnu11;
				GCC_DYNAMIC_NO_PIC = NO;
				GCC_NO_COMMON_BLOCKS = YES;
				GCC_OPTIMIZATION_LEVEL = 0;
				GCC_PREPROCESSOR_DEFINITIONS = (
					"DEBUG=1",
					"$(inherited)",
				);
				GCC_WARN_64_TO_32_BIT_CONVERSION = YES;
				GCC_WARN_ABOUT_RETURN_TYPE = YES_ERROR;
				GCC_WARN_UNDECLARED_SELECTOR = YES;
				GCC_WARN_UNINITIALIZED_AUTOS = YES_AGGRESSIVE;
				GCC_WARN_UNUSED_FUNCTION = YES;
				GCC_WARN_UNUSED_VARIABLE = YES;
				IPHONEOS_DEPLOYMENT_TARGET = 13.2;
				MTL_ENABLE_DEBUG_INFO = INCLUDE_SOURCE;
				MTL_FAST_MATH = YES;
				ONLY_ACTIVE_ARCH = YES;
				SDKROOT = iphoneos;
				SWIFT_ACTIVE_COMPILATION_CONDITIONS = DEBUG;
				SWIFT_OPTIMIZATION_LEVEL = "-Onone";
			};
			name = Debug;
		};
		08A7C8F423C44CBB00409FDE /* Release */ = {
			isa = XCBuildConfiguration;
			buildSettings = {
				ALWAYS_SEARCH_USER_PATHS = NO;
				CLANG_ANALYZER_NONNULL = YES;
				CLANG_ANALYZER_NUMBER_OBJECT_CONVERSION = YES_AGGRESSIVE;
				CLANG_CXX_LANGUAGE_STANDARD = "gnu++14";
				CLANG_CXX_LIBRARY = "libc++";
				CLANG_ENABLE_MODULES = YES;
				CLANG_ENABLE_OBJC_ARC = YES;
				CLANG_ENABLE_OBJC_WEAK = YES;
				CLANG_WARN_BLOCK_CAPTURE_AUTORELEASING = YES;
				CLANG_WARN_BOOL_CONVERSION = YES;
				CLANG_WARN_COMMA = YES;
				CLANG_WARN_CONSTANT_CONVERSION = YES;
				CLANG_WARN_DEPRECATED_OBJC_IMPLEMENTATIONS = YES;
				CLANG_WARN_DIRECT_OBJC_ISA_USAGE = YES_ERROR;
				CLANG_WARN_DOCUMENTATION_COMMENTS = YES;
				CLANG_WARN_EMPTY_BODY = YES;
				CLANG_WARN_ENUM_CONVERSION = YES;
				CLANG_WARN_INFINITE_RECURSION = YES;
				CLANG_WARN_INT_CONVERSION = YES;
				CLANG_WARN_NON_LITERAL_NULL_CONVERSION = YES;
				CLANG_WARN_OBJC_IMPLICIT_RETAIN_SELF = YES;
				CLANG_WARN_OBJC_LITERAL_CONVERSION = YES;
				CLANG_WARN_OBJC_ROOT_CLASS = YES_ERROR;
				CLANG_WARN_RANGE_LOOP_ANALYSIS = YES;
				CLANG_WARN_STRICT_PROTOTYPES = YES;
				CLANG_WARN_SUSPICIOUS_MOVE = YES;
				CLANG_WARN_UNGUARDED_AVAILABILITY = YES_AGGRESSIVE;
				CLANG_WARN_UNREACHABLE_CODE = YES;
				CLANG_WARN__DUPLICATE_METHOD_MATCH = YES;
				COPY_PHASE_STRIP = NO;
				DEBUG_INFORMATION_FORMAT = "dwarf-with-dsym";
				ENABLE_NS_ASSERTIONS = NO;
				ENABLE_STRICT_OBJC_MSGSEND = YES;
				GCC_C_LANGUAGE_STANDARD = gnu11;
				GCC_NO_COMMON_BLOCKS = YES;
				GCC_WARN_64_TO_32_BIT_CONVERSION = YES;
				GCC_WARN_ABOUT_RETURN_TYPE = YES_ERROR;
				GCC_WARN_UNDECLARED_SELECTOR = YES;
				GCC_WARN_UNINITIALIZED_AUTOS = YES_AGGRESSIVE;
				GCC_WARN_UNUSED_FUNCTION = YES;
				GCC_WARN_UNUSED_VARIABLE = YES;
				IPHONEOS_DEPLOYMENT_TARGET = 13.2;
				MTL_ENABLE_DEBUG_INFO = NO;
				MTL_FAST_MATH = YES;
				SDKROOT = iphoneos;
				SWIFT_COMPILATION_MODE = wholemodule;
				SWIFT_OPTIMIZATION_LEVEL = "-O";
				VALIDATE_PRODUCT = YES;
			};
			name = Release;
		};
		08A7C8F623C44CBB00409FDE /* Debug */ = {
			isa = XCBuildConfiguration;
			buildSettings = {
				ASSETCATALOG_COMPILER_APPICON_NAME = AppIcon;
				CODE_SIGN_STYLE = Automatic;
				DEVELOPMENT_TEAM = 3Y643K2A78;
				INFOPLIST_FILE = GithubFollowers/Support/Info.plist;
				LD_RUNPATH_SEARCH_PATHS = (
					"$(inherited)",
					"@executable_path/Frameworks",
				);
				PRODUCT_BUNDLE_IDENTIFIER = com.cognoa.GithubFollowers;
				PRODUCT_NAME = "$(TARGET_NAME)";
				SWIFT_VERSION = 5.0;
				TARGETED_DEVICE_FAMILY = 1;
			};
			name = Debug;
		};
		08A7C8F723C44CBB00409FDE /* Release */ = {
			isa = XCBuildConfiguration;
			buildSettings = {
				ASSETCATALOG_COMPILER_APPICON_NAME = AppIcon;
				CODE_SIGN_STYLE = Automatic;
				DEVELOPMENT_TEAM = 3Y643K2A78;
				INFOPLIST_FILE = GithubFollowers/Support/Info.plist;
				LD_RUNPATH_SEARCH_PATHS = (
					"$(inherited)",
					"@executable_path/Frameworks",
				);
				PRODUCT_BUNDLE_IDENTIFIER = com.cognoa.GithubFollowers;
				PRODUCT_NAME = "$(TARGET_NAME)";
				SWIFT_VERSION = 5.0;
				TARGETED_DEVICE_FAMILY = 1;
			};
			name = Release;
		};
		08A7C8F923C44CBB00409FDE /* Debug */ = {
			isa = XCBuildConfiguration;
			buildSettings = {
				ALWAYS_EMBED_SWIFT_STANDARD_LIBRARIES = YES;
				BUNDLE_LOADER = "$(TEST_HOST)";
				CODE_SIGN_STYLE = Automatic;
				DEVELOPMENT_TEAM = 3Y643K2A78;
				INFOPLIST_FILE = GithubFollowersTests/Info.plist;
				IPHONEOS_DEPLOYMENT_TARGET = 13.2;
				LD_RUNPATH_SEARCH_PATHS = (
					"$(inherited)",
					"@executable_path/Frameworks",
					"@loader_path/Frameworks",
				);
				PRODUCT_BUNDLE_IDENTIFIER = com.cognoa.GithubFollowersTests;
				PRODUCT_NAME = "$(TARGET_NAME)";
				SWIFT_VERSION = 5.0;
				TARGETED_DEVICE_FAMILY = "1,2";
				TEST_HOST = "$(BUILT_PRODUCTS_DIR)/GithubFollowers.app/GithubFollowers";
			};
			name = Debug;
		};
		08A7C8FA23C44CBB00409FDE /* Release */ = {
			isa = XCBuildConfiguration;
			buildSettings = {
				ALWAYS_EMBED_SWIFT_STANDARD_LIBRARIES = YES;
				BUNDLE_LOADER = "$(TEST_HOST)";
				CODE_SIGN_STYLE = Automatic;
				DEVELOPMENT_TEAM = 3Y643K2A78;
				INFOPLIST_FILE = GithubFollowersTests/Info.plist;
				IPHONEOS_DEPLOYMENT_TARGET = 13.2;
				LD_RUNPATH_SEARCH_PATHS = (
					"$(inherited)",
					"@executable_path/Frameworks",
					"@loader_path/Frameworks",
				);
				PRODUCT_BUNDLE_IDENTIFIER = com.cognoa.GithubFollowersTests;
				PRODUCT_NAME = "$(TARGET_NAME)";
				SWIFT_VERSION = 5.0;
				TARGETED_DEVICE_FAMILY = "1,2";
				TEST_HOST = "$(BUILT_PRODUCTS_DIR)/GithubFollowers.app/GithubFollowers";
			};
			name = Release;
		};
		08A7C8FC23C44CBB00409FDE /* Debug */ = {
			isa = XCBuildConfiguration;
			buildSettings = {
				ALWAYS_EMBED_SWIFT_STANDARD_LIBRARIES = YES;
				CODE_SIGN_STYLE = Automatic;
				DEVELOPMENT_TEAM = 3Y643K2A78;
				INFOPLIST_FILE = GithubFollowersUITests/Info.plist;
				LD_RUNPATH_SEARCH_PATHS = (
					"$(inherited)",
					"@executable_path/Frameworks",
					"@loader_path/Frameworks",
				);
				PRODUCT_BUNDLE_IDENTIFIER = com.cognoa.GithubFollowersUITests;
				PRODUCT_NAME = "$(TARGET_NAME)";
				SWIFT_VERSION = 5.0;
				TARGETED_DEVICE_FAMILY = "1,2";
				TEST_TARGET_NAME = GithubFollowers;
			};
			name = Debug;
		};
		08A7C8FD23C44CBB00409FDE /* Release */ = {
			isa = XCBuildConfiguration;
			buildSettings = {
				ALWAYS_EMBED_SWIFT_STANDARD_LIBRARIES = YES;
				CODE_SIGN_STYLE = Automatic;
				DEVELOPMENT_TEAM = 3Y643K2A78;
				INFOPLIST_FILE = GithubFollowersUITests/Info.plist;
				LD_RUNPATH_SEARCH_PATHS = (
					"$(inherited)",
					"@executable_path/Frameworks",
					"@loader_path/Frameworks",
				);
				PRODUCT_BUNDLE_IDENTIFIER = com.cognoa.GithubFollowersUITests;
				PRODUCT_NAME = "$(TARGET_NAME)";
				SWIFT_VERSION = 5.0;
				TARGETED_DEVICE_FAMILY = "1,2";
				TEST_TARGET_NAME = GithubFollowers;
			};
			name = Release;
		};
/* End XCBuildConfiguration section */

/* Begin XCConfigurationList section */
		08A7C8C623C44CB900409FDE /* Build configuration list for PBXProject "GithubFollowers" */ = {
			isa = XCConfigurationList;
			buildConfigurations = (
				08A7C8F323C44CBB00409FDE /* Debug */,
				08A7C8F423C44CBB00409FDE /* Release */,
			);
			defaultConfigurationIsVisible = 0;
			defaultConfigurationName = Release;
		};
		08A7C8F523C44CBB00409FDE /* Build configuration list for PBXNativeTarget "GithubFollowers" */ = {
			isa = XCConfigurationList;
			buildConfigurations = (
				08A7C8F623C44CBB00409FDE /* Debug */,
				08A7C8F723C44CBB00409FDE /* Release */,
			);
			defaultConfigurationIsVisible = 0;
			defaultConfigurationName = Release;
		};
		08A7C8F823C44CBB00409FDE /* Build configuration list for PBXNativeTarget "GithubFollowersTests" */ = {
			isa = XCConfigurationList;
			buildConfigurations = (
				08A7C8F923C44CBB00409FDE /* Debug */,
				08A7C8FA23C44CBB00409FDE /* Release */,
			);
			defaultConfigurationIsVisible = 0;
			defaultConfigurationName = Release;
		};
		08A7C8FB23C44CBB00409FDE /* Build configuration list for PBXNativeTarget "GithubFollowersUITests" */ = {
			isa = XCConfigurationList;
			buildConfigurations = (
				08A7C8FC23C44CBB00409FDE /* Debug */,
				08A7C8FD23C44CBB00409FDE /* Release */,
			);
			defaultConfigurationIsVisible = 0;
			defaultConfigurationName = Release;
		};
/* End XCConfigurationList section */
	};
	rootObject = 08A7C8C323C44CB900409FDE /* Project object */;
}
